
Microsoft Visual Studio Solution File, Format Version 11.00
# Visual Studio 2010
Project("{FAE04EC0-301F-11D3-BF4B-00C04F79EFBC}") = "HanoyMinorasi", "HanoyMinorasi\HanoyMinorasi.csproj", "{23DFD463-908A-4BF9-B248-99BC549B4580}"
EndProject
Global
	GlobalSection(SolutionConfigurationPlatforms) = preSolution
		Debug|x86 = Debug|x86
		Release|x86 = Release|x86
	EndGlobalSection
	GlobalSection(ProjectConfigurationPlatforms) = postSolution
		{23DFD463-908A-4BF9-B248-99BC549B4580}.Debug|x86.ActiveCfg = Debug|x86
		{23DFD463-908A-4BF9-B248-99BC549B4580}.Debug|x86.Build.0 = Debug|x86
		{23DFD463-908A-4BF9-B248-99BC549B4580}.Release|x86.ActiveCfg = Release|x86
		{23DFD463-908A-4BF9-B248-99BC549B4580}.Release|x86.Build.0 = Release|x86
	EndGlobalSection
	GlobalSection(SolutionProperties) = preSolution
		HideSolutionNode = FALSE
	EndGlobalSection
EndGlobal
